a84fe3340dafd50c988f64530dd35856ebea209cd5cbe6b99b548897da249c51  audit-prompt.md
ef543c7f987e13ecd49f16b682cb8efa08980e43b5bf65b1d4c92464af7246dc  cypher-checks.md
12766508fb1e05a8934ea820245495b243a74de70a57d0e221fabd8b39457e0d  inventory-python.md
4b3164a9823bb6427cb989dc7d88cd02dfa1eb833668d29c4d3966bcf54cc006  inventory-typescript.md
71a15c12943d225ceef4c3e05aa58e7a084c8153218eeb6c9ab5792cbed5d24c  report-template.md
